// !$*UTF8*$!
{
	archiveVersion = 1;
	classes = {
	};
	objectVersion = 77;
	objects = {

/* Begin PBXFileReference section */
		A47DD5CD2F9A4CFB009B0A3A /* README.MD */ = {isa = PBXFileReference; lastKnownFileType = net.daringfireball.markdown; path = README.MD; sourceTree = "<group>"; };
		A47DD5CE2F9A4DB8009B0A3A /* template.py */ = {isa = PBXFileReference; lastKnownFileType = text.script.python; path = template.py; sourceTree = "<group>"; };
		A4A7635B2F9B30660073DBC1 /* diagnostics.py */ = {isa = PBXFileReference; lastKnownFileType = text.script.python; path = diagnostics.py; sourceTree = "<group>"; };
		A4A7635D2F9B38590073DBC1 /* imu_calib.py */ = {isa = PBXFileReference; lastKnownFileType = text.script.python; path = imu_calib.py; sourceTree = "<group>"; };
/* End PBXFileReference section */

/* Begin PBXFileSystemSynchronizedRootGroup section */
		A4A763572F9AF6230073DBC1 /* reference */ = {
			isa = PBXFileSystemSynchronizedRootGroup;
			path = reference;
			sourceTree = "<group>";
		};
/* End PBXFileSystemSynchronizedRootGroup section */

/* Begin PBXGroup section */
		A47DD5C62F9A4CEE009B0A3A = {
			isa = PBXGroup;
			children = (
				A47DD5CD2F9A4CFB009B0A3A /* README.MD */,
				A47DD5CE2F9A4DB8009B0A3A /* template.py */,
				A4A7635D2F9B38590073DBC1 /* imu_calib.py */,
				A4A7635B2F9B30660073DBC1 /* diagnostics.py */,
				A4A763572F9AF6230073DBC1 /* reference */,
			);
			sourceTree = "<group>";
		};
/* End PBXGroup section */

/* Begin PBXProject section */
		A47DD5C72F9A4CEE009B0A3A /* Project object */ = {
			isa = PBXProject;
			attributes = {
				BuildIndependentTargetsInParallel = 1;
				LastUpgradeCheck = 2640;
			};
			buildConfigurationList = A47DD5CA2F9A4CEE009B0A3A /* Build configuration list for PBXProject "OneArena2026" */;
			developmentRegion = en;
			hasScannedForEncodings = 0;
			knownRegions = (
				en,
				Base,
			);
			mainGroup = A47DD5C62F9A4CEE009B0A3A;
			minimizedProjectReferenceProxies = 1;
			preferredProjectObjectVersion = 77;
			projectDirPath = "";
			projectRoot = "";
			targets = (
			);
		};
/* End PBXProject section */

/* Begin XCBuildConfiguration section */
		A47DD5CB2F9A4CEE009B0A3A /* Debug */ = {
			isa = XCBuildConfiguration;
			buildSettings = {
			};
			name = Debug;
		};
		A47DD5CC2F9A4CEE009B0A3A /* Release */ = {
			isa = XCBuildConfiguration;
			buildSettings = {
			};
			name = Release;
		};
/* End XCBuildConfiguration section */

/* Begin XCConfigurationList section */
		A47DD5CA2F9A4CEE009B0A3A /* Build configuration list for PBXProject "OneArena2026" */ = {
			isa = XCConfigurationList;
			buildConfigurations = (
				A47DD5CB2F9A4CEE009B0A3A /* Debug */,
				A47DD5CC2F9A4CEE009B0A3A /* Release */,
			);
			defaultConfigurationIsVisible = 0;
			defaultConfigurationName = Release;
		};
/* End XCConfigurationList section */
	};
	rootObject = A47DD5C72F9A4CEE009B0A3A /* Project object */;
}
